
Microsoft Visual Studio Solution File, Format Version 12.00
# Visual Studio Version 17
VisualStudioVersion = 17.5.002.0
MinimumVisualStudioVersion = 10.0.40219.1
Project("{9A19103F-16F7-4668-BE54-9A1E7A4F7556}") = "MinimalsAPIs_Projeto", "MinimalsAPIs_Projeto.csproj", "{A995E27E-9887-4D60-9E63-04DF842809E2}"
EndProject
Global
	GlobalSection(SolutionConfigurationPlatforms) = preSolution
		Debug|Any CPU = Debug|Any CPU
		Release|Any CPU = Release|Any CPU
	EndGlobalSection
	GlobalSection(ProjectConfigurationPlatforms) = postSolution
		{A995E27E-9887-4D60-9E63-04DF842809E2}.Debug|Any CPU.ActiveCfg = Debug|Any CPU
		{A995E27E-9887-4D60-9E63-04DF842809E2}.Debug|Any CPU.Build.0 = Debug|Any CPU
		{A995E27E-9887-4D60-9E63-04DF842809E2}.Release|Any CPU.ActiveCfg = Release|Any CPU
		{A995E27E-9887-4D60-9E63-04DF842809E2}.Release|Any CPU.Build.0 = Release|Any CPU
	EndGlobalSection
	GlobalSection(SolutionProperties) = preSolution
		HideSolutionNode = FALSE
	EndGlobalSection
	GlobalSection(ExtensibilityGlobals) = postSolution
		SolutionGuid = {0EF43214-02DD-4F43-B585-80F2924C75B3}
	EndGlobalSection
EndGlobal
